
Microsoft Visual Studio Solution File, Format Version 12.00
# Visual Studio 15
VisualStudioVersion = 15.0.28010.2026
MinimumVisualStudioVersion = 10.0.40219.1
Project("{FAE04EC0-301F-11D3-BF4B-00C04F79EFBC}") = "Server", "BolNetworking_Ejer2\Server.csproj", "{6844E681-7522-4C8D-9C2D-9315773379CE}"
EndProject
Project("{FAE04EC0-301F-11D3-BF4B-00C04F79EFBC}") = "Client", "Client\Client.csproj", "{C80981EC-A295-4DD1-915E-09F655AB421A}"
EndProject
Global
	GlobalSection(SolutionConfigurationPlatforms) = preSolution
		Debug|Any CPU = Debug|Any CPU
		Release|Any CPU = Release|Any CPU
	EndGlobalSection
	GlobalSection(ProjectConfigurationPlatforms) = postSolution
		{6844E681-7522-4C8D-9C2D-9315773379CE}.Debug|Any CPU.ActiveCfg = Debug|Any CPU
		{6844E681-7522-4C8D-9C2D-9315773379CE}.Debug|Any CPU.Build.0 = Debug|Any CPU
		{6844E681-7522-4C8D-9C2D-9315773379CE}.Release|Any CPU.ActiveCfg = Release|Any CPU
		{6844E681-7522-4C8D-9C2D-9315773379CE}.Release|Any CPU.Build.0 = Release|Any CPU
		{C80981EC-A295-4DD1-915E-09F655AB421A}.Debug|Any CPU.ActiveCfg = Debug|Any CPU
		{C80981EC-A295-4DD1-915E-09F655AB421A}.Debug|Any CPU.Build.0 = Debug|Any CPU
		{C80981EC-A295-4DD1-915E-09F655AB421A}.Release|Any CPU.ActiveCfg = Release|Any CPU
		{C80981EC-A295-4DD1-915E-09F655AB421A}.Release|Any CPU.Build.0 = Release|Any CPU
	EndGlobalSection
	GlobalSection(SolutionProperties) = preSolution
		HideSolutionNode = FALSE
	EndGlobalSection
	GlobalSection(ExtensibilityGlobals) = postSolution
		SolutionGuid = {61E8B9D1-B968-4EAC-9BC9-93A1F1B0B768}
	EndGlobalSection
EndGlobal
